
Microsoft Visual Studio Solution File, Format Version 12.00
# Visual Studio Version 17
VisualStudioVersion = 17.7.34024.191
MinimumVisualStudioVersion = 10.0.40219.1
Project("{FAE04EC0-301F-11D3-BF4B-00C04F79EFBC}") = "fileC#1", "fileC#1\fileC#1.csproj", "{FFD5BC42-65E8-46B2-A80B-85DF88C62883}"
EndProject
Global
	GlobalSection(SolutionConfigurationPlatforms) = preSolution
		Debug|Any CPU = Debug|Any CPU
		Release|Any CPU = Release|Any CPU
	EndGlobalSection
	GlobalSection(ProjectConfigurationPlatforms) = postSolution
		{FFD5BC42-65E8-46B2-A80B-85DF88C62883}.Debug|Any CPU.ActiveCfg = Debug|Any CPU
		{FFD5BC42-65E8-46B2-A80B-85DF88C62883}.Debug|Any CPU.Build.0 = Debug|Any CPU
		{FFD5BC42-65E8-46B2-A80B-85DF88C62883}.Release|Any CPU.ActiveCfg = Release|Any CPU
		{FFD5BC42-65E8-46B2-A80B-85DF88C62883}.Release|Any CPU.Build.0 = Release|Any CPU
	EndGlobalSection
	GlobalSection(SolutionProperties) = preSolution
		HideSolutionNode = FALSE
	EndGlobalSection
	GlobalSection(ExtensibilityGlobals) = postSolution
		SolutionGuid = {467D5FF8-CBA2-4B0B-873F-015E4A0DC74B}
	EndGlobalSection
EndGlobal
